
Microsoft Visual Studio Solution File, Format Version 12.00
# Visual Studio Version 17
VisualStudioVersion = 17.14.36623.8 d17.14
MinimumVisualStudioVersion = 10.0.40219.1
Project("{FAE04EC0-301F-11D3-BF4B-00C04F79EFBC}") = "NotDefteri.Api", "NotDefteri.Api\NotDefteri.Api.csproj", "{3782137F-A94D-408F-86C3-AC8DBB984A26}"
EndProject
Global
	GlobalSection(SolutionConfigurationPlatforms) = preSolution
		Debug|Any CPU = Debug|Any CPU
		Release|Any CPU = Release|Any CPU
	EndGlobalSection
	GlobalSection(ProjectConfigurationPlatforms) = postSolution
		{3782137F-A94D-408F-86C3-AC8DBB984A26}.Debug|Any CPU.ActiveCfg = Debug|Any CPU
		{3782137F-A94D-408F-86C3-AC8DBB984A26}.Debug|Any CPU.Build.0 = Debug|Any CPU
		{3782137F-A94D-408F-86C3-AC8DBB984A26}.Release|Any CPU.ActiveCfg = Release|Any CPU
		{3782137F-A94D-408F-86C3-AC8DBB984A26}.Release|Any CPU.Build.0 = Release|Any CPU
	EndGlobalSection
	GlobalSection(SolutionProperties) = preSolution
		HideSolutionNode = FALSE
	EndGlobalSection
	GlobalSection(ExtensibilityGlobals) = postSolution
		SolutionGuid = {5283E180-606A-4176-98C5-717B5FB9F417}
	EndGlobalSection
EndGlobal
